
Microsoft Visual Studio Solution File, Format Version 12.00
# Visual Studio Version 17
VisualStudioVersion = 17.8.34322.80
MinimumVisualStudioVersion = 10.0.40219.1
Project("{FAE04EC0-301F-11D3-BF4B-00C04F79EFBC}") = "SiloInventoryManagement.UI", "SiloInventoryManagement.UI\SiloInventoryManagement.UI.csproj", "{FB97B7B7-148E-4F41-A2F3-6DF9A7D83D50}"
EndProject
Global
	GlobalSection(SolutionConfigurationPlatforms) = preSolution
		Debug|Any CPU = Debug|Any CPU
		Release|Any CPU = Release|Any CPU
	EndGlobalSection
	GlobalSection(ProjectConfigurationPlatforms) = postSolution
		{FB97B7B7-148E-4F41-A2F3-6DF9A7D83D50}.Debug|Any CPU.ActiveCfg = Debug|Any CPU
		{FB97B7B7-148E-4F41-A2F3-6DF9A7D83D50}.Debug|Any CPU.Build.0 = Debug|Any CPU
		{FB97B7B7-148E-4F41-A2F3-6DF9A7D83D50}.Release|Any CPU.ActiveCfg = Release|Any CPU
		{FB97B7B7-148E-4F41-A2F3-6DF9A7D83D50}.Release|Any CPU.Build.0 = Release|Any CPU
	EndGlobalSection
	GlobalSection(SolutionProperties) = preSolution
		HideSolutionNode = FALSE
	EndGlobalSection
	GlobalSection(ExtensibilityGlobals) = postSolution
		SolutionGuid = {ECA29F55-AA84-48AB-8504-A7BF41C8B1C2}
	EndGlobalSection
EndGlobal
